
Microsoft Visual Studio Solution File, Format Version 12.00
# Visual Studio Version 17
VisualStudioVersion = 17.3.32819.101
MinimumVisualStudioVersion = 10.0.40219.1
Project("{FAE04EC0-301F-11D3-BF4B-00C04F79EFBC}") = "EjemploREST202251", "EjemploREST202251.csproj", "{D5C4A6B7-3B8A-428E-B0CF-7C691F66E652}"
EndProject
Global
	GlobalSection(SolutionConfigurationPlatforms) = preSolution
		Debug|Any CPU = Debug|Any CPU
		Release|Any CPU = Release|Any CPU
	EndGlobalSection
	GlobalSection(ProjectConfigurationPlatforms) = postSolution
		{D5C4A6B7-3B8A-428E-B0CF-7C691F66E652}.Debug|Any CPU.ActiveCfg = Debug|Any CPU
		{D5C4A6B7-3B8A-428E-B0CF-7C691F66E652}.Debug|Any CPU.Build.0 = Debug|Any CPU
		{D5C4A6B7-3B8A-428E-B0CF-7C691F66E652}.Release|Any CPU.ActiveCfg = Release|Any CPU
		{D5C4A6B7-3B8A-428E-B0CF-7C691F66E652}.Release|Any CPU.Build.0 = Release|Any CPU
	EndGlobalSection
	GlobalSection(SolutionProperties) = preSolution
		HideSolutionNode = FALSE
	EndGlobalSection
	GlobalSection(ExtensibilityGlobals) = postSolution
		SolutionGuid = {DD9B7302-28FF-491C-BF01-494552D5FC50}
	EndGlobalSection
EndGlobal
